
Microsoft Visual Studio Solution File, Format Version 12.00
# Visual Studio Version 17
VisualStudioVersion = 17.2.32616.157
MinimumVisualStudioVersion = 10.0.40219.1
Project("{FAE04EC0-301F-11D3-BF4B-00C04F79EFBC}") = "EFCoreInMemoryDemo", "EFCoreInMemoryDemo\EFCoreInMemoryDemo.csproj", "{55A281FD-F8B0-4E3B-AD3F-C3B0B1AE3667}"
EndProject
Global
	GlobalSection(SolutionConfigurationPlatforms) = preSolution
		Debug|Any CPU = Debug|Any CPU
		Release|Any CPU = Release|Any CPU
	EndGlobalSection
	GlobalSection(ProjectConfigurationPlatforms) = postSolution
		{55A281FD-F8B0-4E3B-AD3F-C3B0B1AE3667}.Debug|Any CPU.ActiveCfg = Debug|Any CPU
		{55A281FD-F8B0-4E3B-AD3F-C3B0B1AE3667}.Debug|Any CPU.Build.0 = Debug|Any CPU
		{55A281FD-F8B0-4E3B-AD3F-C3B0B1AE3667}.Release|Any CPU.ActiveCfg = Release|Any CPU
		{55A281FD-F8B0-4E3B-AD3F-C3B0B1AE3667}.Release|Any CPU.Build.0 = Release|Any CPU
	EndGlobalSection
	GlobalSection(SolutionProperties) = preSolution
		HideSolutionNode = FALSE
	EndGlobalSection
	GlobalSection(ExtensibilityGlobals) = postSolution
		SolutionGuid = {B16BCCC9-990F-4F7F-A980-2D45A5C5C469}
	EndGlobalSection
EndGlobal
